schema: '2.0'
stages:
  train:
    cmd: python src/train_with_cc_ml.py
    deps:
    - path: dataset/
      hash: md5
      md5: 4815fd53f2dec0bac474bfa8a9ceef1f.dir
      size: 74508
      nfiles: 2
    - path: src/train_with_cc_ml.py
      hash: md5
      md5: bea1b23f299f377638538f95da740240
      size: 19934
    outs:
    - path: data/emissions/emissions.csv
      hash: md5
      md5: c1ea0dfef80d24a3f32d8ef667d91cd3
      size: 765
    - path: models/
      hash: md5
      md5: d7b17b6cb9b0f97728b12087c1a4aa21.dir
      size: 8270
      nfiles: 2
