schema: '2.0'
stages:
  train:
    cmd: python src/train_with_cc_ml.py
    deps:
    - path: dataset/
      hash: md5
      md5: 4815fd53f2dec0bac474bfa8a9ceef1f.dir
      size: 74508
      nfiles: 2
    - path: src/train_with_cc_ml.py
      hash: md5
      md5: f2b35065d003ef61e9feb23d8911a272
      size: 6448
    outs:
    - path: data/baseline_metrics.csv
      hash: md5
      md5: 6935eaf01ac3b4a42b0226346a0e8386
      size: 309
    - path: data/emissions/emissions.csv
      hash: md5
      md5: d8d7a430ae5efa2108a674d287de5bdf
      size: 766
    - path: data/last_run_metrics.json
      hash: md5
      md5: 009c67264c98e2057ad36f30a8e41b44
      size: 391
    - path: models/
      hash: md5
      md5: 9761d361b3fe51303d95bb3b8a053bff.dir
      size: 8270
      nfiles: 2
